
Microsoft Visual Studio Solution File, Format Version 12.00
# Visual Studio Version 16
VisualStudioVersion = 16.0.29123.88
MinimumVisualStudioVersion = 10.0.40219.1
Project("{9A19103F-16F7-4668-BE54-9A1E7A4F7556}") = "CsharpMacros", "CsharpMacros\CsharpMacros.csproj", "{AF222E2C-7FF8-45E0-A8A7-DF8035CF2695}"
EndProject
Project("{9A19103F-16F7-4668-BE54-9A1E7A4F7556}") = "CsharpMacros.Test", "CsharpMacros.Test\CsharpMacros.Test.csproj", "{2F3760A4-6178-4E73-817D-6D36F6DDDA6B}"
EndProject
Project("{FAE04EC0-301F-11D3-BF4B-00C04F79EFBC}") = "CsharpMacros.Vsix", "CsharpMacros.Vsix\CsharpMacros.Vsix.csproj", "{B6188456-2ECD-45E0-AB36-B61AF1AD21D3}"
EndProject
Global
	GlobalSection(SolutionConfigurationPlatforms) = preSolution
		Debug|Any CPU = Debug|Any CPU
		Release|Any CPU = Release|Any CPU
	EndGlobalSection
	GlobalSection(ProjectConfigurationPlatforms) = postSolution
		{AF222E2C-7FF8-45E0-A8A7-DF8035CF2695}.Debug|Any CPU.ActiveCfg = Debug|Any CPU
		{AF222E2C-7FF8-45E0-A8A7-DF8035CF2695}.Debug|Any CPU.Build.0 = Debug|Any CPU
		{AF222E2C-7FF8-45E0-A8A7-DF8035CF2695}.Release|Any CPU.ActiveCfg = Release|Any CPU
		{AF222E2C-7FF8-45E0-A8A7-DF8035CF2695}.Release|Any CPU.Build.0 = Release|Any CPU
		{2F3760A4-6178-4E73-817D-6D36F6DDDA6B}.Debug|Any CPU.ActiveCfg = Debug|Any CPU
		{2F3760A4-6178-4E73-817D-6D36F6DDDA6B}.Debug|Any CPU.Build.0 = Debug|Any CPU
		{2F3760A4-6178-4E73-817D-6D36F6DDDA6B}.Release|Any CPU.ActiveCfg = Release|Any CPU
		{2F3760A4-6178-4E73-817D-6D36F6DDDA6B}.Release|Any CPU.Build.0 = Release|Any CPU
		{B6188456-2ECD-45E0-AB36-B61AF1AD21D3}.Debug|Any CPU.ActiveCfg = Debug|Any CPU
		{B6188456-2ECD-45E0-AB36-B61AF1AD21D3}.Debug|Any CPU.Build.0 = Debug|Any CPU
		{B6188456-2ECD-45E0-AB36-B61AF1AD21D3}.Release|Any CPU.ActiveCfg = Release|Any CPU
		{B6188456-2ECD-45E0-AB36-B61AF1AD21D3}.Release|Any CPU.Build.0 = Release|Any CPU
	EndGlobalSection
	GlobalSection(SolutionProperties) = preSolution
		HideSolutionNode = FALSE
	EndGlobalSection
	GlobalSection(ExtensibilityGlobals) = postSolution
		SolutionGuid = {4A7DBA5D-A54C-4FC4-91C4-F4D503B9EB4D}
	EndGlobalSection
EndGlobal
